
Microsoft Visual Studio Solution File, Format Version 12.00
# Visual Studio Version 17
VisualStudioVersion = 17.8.34525.116
MinimumVisualStudioVersion = 10.0.40219.1
Project("{FAE04EC0-301F-11D3-BF4B-00C04F79EFBC}") = "LicenceApp", "LicenceApp\LicenceApp.csproj", "{A7589D43-FB2A-48E0-A247-E7D203136D8B}"
EndProject
Global
	GlobalSection(SolutionConfigurationPlatforms) = preSolution
		Debug|Any CPU = Debug|Any CPU
		Release|Any CPU = Release|Any CPU
	EndGlobalSection
	GlobalSection(ProjectConfigurationPlatforms) = postSolution
		{A7589D43-FB2A-48E0-A247-E7D203136D8B}.Debug|Any CPU.ActiveCfg = Debug|Any CPU
		{A7589D43-FB2A-48E0-A247-E7D203136D8B}.Debug|Any CPU.Build.0 = Debug|Any CPU
		{A7589D43-FB2A-48E0-A247-E7D203136D8B}.Release|Any CPU.ActiveCfg = Release|Any CPU
		{A7589D43-FB2A-48E0-A247-E7D203136D8B}.Release|Any CPU.Build.0 = Release|Any CPU
	EndGlobalSection
	GlobalSection(SolutionProperties) = preSolution
		HideSolutionNode = FALSE
	EndGlobalSection
	GlobalSection(ExtensibilityGlobals) = postSolution
		SolutionGuid = {BA832EE0-6E6F-4ACA-94F5-4B70937106CE}
	EndGlobalSection
EndGlobal
